{
  "name": "npm_modules_example",
  "lockfileVersion": 3,
  "requires": true,
  "packages": {
    "": {
      "dependencies": {
        "wrapper": "^0.1.0"
      }
    },
    "node_modules/wrapper": {
      "version": "0.1.0",
      "resolved": "https://registry.npmjs.org/wrapper/-/wrapper-0.1.0.tgz",
      "integrity": "sha512-pLwit5GogBCpAW16T6mmP8JtFlBFa9YuDVjtLK35On1Qfdp+js0Ng5IaDtcW7dZWR0KRKFQBE63BL21fHPx/4Q=="
    }
  }
}
